# This file is generated by running "yarn install" inside your project.
# Manual changes might be lost - proceed with caution!

__metadata:
  version: 6
  cacheKey: 8

"@types/express-serve-static-core@npm:4.17.28":
  version: 4.17.28
  resolution: "@types/express-serve-static-core@npm:4.17.28"
  dependencies:
    "@types/node": "*"
    "@types/qs": "*"
    "@types/range-parser": "*"
  checksum: 826489811a5b371c10f02443b4ca894ffc05813bfdf2b60c224f5c18ac9a30a2e518cb9ef9fdfcaa2a1bb17f8bfa4ed1859ccdb252e879c9276271b4ee2df5a9
  languageName: node
  linkType: hard

"@types/node@npm:*":
  version: 20.2.5
  resolution: "@types/node@npm:20.2.5"
  checksum: 38ce7c7e9d76880dc632f71d71e0d5914fcda9d5e9a7095d6c339abda55ca4affb0f2a882aeb29398f8e09d2c5151f0b6586c81c8ccdfe529c34b1ea3337425e
  languageName: node
  linkType: hard

"@types/node@npm:^14.14.31":
  version: 14.18.48
  resolution: "@types/node@npm:14.18.48"
  checksum: bc410153cd12b5f5218c2c2a5ab4a65e8dc99ebffe98261a30e9d4beb8f9a0e4ee48c41b850f8cb80da6ed1024e42bba8dee1592869aa5b1826ddb7c29ad6899
  languageName: node
  linkType: hard

"@types/qs@npm:*":
  version: 6.9.7
  resolution: "@types/qs@npm:6.9.7"
  checksum: 7fd6f9c25053e9b5bb6bc9f9f76c1d89e6c04f7707a7ba0e44cc01f17ef5284adb82f230f542c2d5557d69407c9a40f0f3515e8319afd14e1e16b5543ac6cdba
  languageName: node
  linkType: hard

"@types/range-parser@npm:*":
  version: 1.2.4
  resolution: "@types/range-parser@npm:1.2.4"
  checksum: b7c0dfd5080a989d6c8bb0b6750fc0933d9acabeb476da6fe71d8bdf1ab65e37c136169d84148034802f48378ab94e3c37bb4ef7656b2bec2cb9c0f8d4146a95
  languageName: node
  linkType: hard

"betting-api@workspace:.":
  version: 0.0.0-use.local
  resolution: "betting-api@workspace:."
  dependencies:
    laravel-echo: ^1.15.1
    pusher-js: ^8.0.2
  languageName: unknown
  linkType: soft

"laravel-echo@npm:^1.15.1":
  version: 1.15.1
  resolution: "laravel-echo@npm:1.15.1"
  checksum: db66163610b2ea8cf5232dff759646e1f90cf4adca2d3b1f1bff021528f039965c9534d362c33bc3707cb71a006d98196ae57ef350ea6e4e609cadcf2f721d42
  languageName: node
  linkType: hard

"pusher-js@npm:^8.0.2":
  version: 8.0.2
  resolution: "pusher-js@npm:8.0.2"
  dependencies:
    "@types/express-serve-static-core": 4.17.28
    "@types/node": ^14.14.31
    tweetnacl: ^1.0.3
  checksum: 80b9c209a9db7b51f5edb9c03dc3075d759960644b12ac60e4e22b8e335bedfb69c16381ef7454b37dd3858c7c6e684b96fba368d3fc9f97ef63dfa6c37fb7ee
  languageName: node
  linkType: hard

"tweetnacl@npm:^1.0.3":
  version: 1.0.3
  resolution: "tweetnacl@npm:1.0.3"
  checksum: e4a57cac188f0c53f24c7a33279e223618a2bfb5fea426231991652a13247bea06b081fd745d71291fcae0f4428d29beba1b984b1f1ce6f66b06a6d1ab90645c
  languageName: node
  linkType: hard
